
Microsoft Visual Studio Solution File, Format Version 12.00
# Visual Studio Version 17
VisualStudioVersion = 17.2.32602.215
MinimumVisualStudioVersion = 10.0.40219.1
Project("{FAE04EC0-301F-11D3-BF4B-00C04F79EFBC}") = "dz_egorov7", "dz_egorov7\dz_egorov7.csproj", "{E2C297B8-B29C-43B5-B0EF-1A9D13E3F550}"
EndProject
Global
	GlobalSection(SolutionConfigurationPlatforms) = preSolution
		Debug|Any CPU = Debug|Any CPU
		Release|Any CPU = Release|Any CPU
	EndGlobalSection
	GlobalSection(ProjectConfigurationPlatforms) = postSolution
		{E2C297B8-B29C-43B5-B0EF-1A9D13E3F550}.Debug|Any CPU.ActiveCfg = Debug|Any CPU
		{E2C297B8-B29C-43B5-B0EF-1A9D13E3F550}.Debug|Any CPU.Build.0 = Debug|Any CPU
		{E2C297B8-B29C-43B5-B0EF-1A9D13E3F550}.Release|Any CPU.ActiveCfg = Release|Any CPU
		{E2C297B8-B29C-43B5-B0EF-1A9D13E3F550}.Release|Any CPU.Build.0 = Release|Any CPU
	EndGlobalSection
	GlobalSection(SolutionProperties) = preSolution
		HideSolutionNode = FALSE
	EndGlobalSection
	GlobalSection(ExtensibilityGlobals) = postSolution
		SolutionGuid = {6D6B36FD-5F58-4C06-AF6D-4D79D7230ECF}
	EndGlobalSection
EndGlobal
